// !$*UTF8*$!
{
	archiveVersion = 1;
	classes = {
	};
	objectVersion = 50;
	objects = {

/* Begin PBXBuildFile section */
		62815A2526C9ED3E00D027C5 /* Simpsonfont.otf in Resources */ = {isa = PBXBuildFile; fileRef = 62815A2426C9ED3E00D027C5 /* Simpsonfont.otf */; };
		62B2C82226C76B0000690E9A /* SimpsonsQuotesApp.swift in Sources */ = {isa = PBXBuildFile; fileRef = 62B2C82126C76B0000690E9A /* SimpsonsQuotesApp.swift */; };
		62B2C82426C76B0000690E9A /* HomeView.swift in Sources */ = {isa = PBXBuildFile; fileRef = 62B2C82326C76B0000690E9A /* HomeView.swift */; };
		62B2C82626C76B0200690E9A /* Assets.xcassets in Resources */ = {isa = PBXBuildFile; fileRef = 62B2C82526C76B0200690E9A /* Assets.xcassets */; };
		62B2C82926C76B0200690E9A /* Preview Assets.xcassets in Resources */ = {isa = PBXBuildFile; fileRef = 62B2C82826C76B0200690E9A /* Preview Assets.xcassets */; };
		62B2C83426C7847200690E9A /* Quote.swift in Sources */ = {isa = PBXBuildFile; fileRef = 62B2C83326C7847200690E9A /* Quote.swift */; };
		62B2C83926C857A200690E9A /* DataService.swift in Sources */ = {isa = PBXBuildFile; fileRef = 62B2C83826C857A200690E9A /* DataService.swift */; };
		62D5776B26CA3C2300C5A880 /* Extensions.swift in Sources */ = {isa = PBXBuildFile; fileRef = 62D5776A26CA3C2300C5A880 /* Extensions.swift */; };
/* End PBXBuildFile section */

/* Begin PBXFileReference section */
		62815A2426C9ED3E00D027C5 /* Simpsonfont.otf */ = {isa = PBXFileReference; lastKnownFileType = file; path = Simpsonfont.otf; sourceTree = "<group>"; };
		62B2C81E26C76B0000690E9A /* SimpsonsQuotes.app */ = {isa = PBXFileReference; explicitFileType = wrapper.application; includeInIndex = 0; path = SimpsonsQuotes.app; sourceTree = BUILT_PRODUCTS_DIR; };
		62B2C82126C76B0000690E9A /* SimpsonsQuotesApp.swift */ = {isa = PBXFileReference; lastKnownFileType = sourcecode.swift; path = SimpsonsQuotesApp.swift; sourceTree = "<group>"; };
		62B2C82326C76B0000690E9A /* HomeView.swift */ = {isa = PBXFileReference; lastKnownFileType = sourcecode.swift; path = HomeView.swift; sourceTree = "<group>"; };
		62B2C82526C76B0200690E9A /* Assets.xcassets */ = {isa = PBXFileReference; lastKnownFileType = folder.assetcatalog; path = Assets.xcassets; sourceTree = "<group>"; };
		62B2C82826C76B0200690E9A /* Preview Assets.xcassets */ = {isa = PBXFileReference; lastKnownFileType = folder.assetcatalog; path = "Preview Assets.xcassets"; sourceTree = "<group>"; };
		62B2C82A26C76B0200690E9A /* Info.plist */ = {isa = PBXFileReference; lastKnownFileType = text.plist.xml; path = Info.plist; sourceTree = "<group>"; };
		62B2C83326C7847200690E9A /* Quote.swift */ = {isa = PBXFileReference; lastKnownFileType = sourcecode.swift; path = Quote.swift; sourceTree = "<group>"; };
		62B2C83826C857A200690E9A /* DataService.swift */ = {isa = PBXFileReference; lastKnownFileType = sourcecode.swift; path = DataService.swift; sourceTree = "<group>"; };
		62D5776A26CA3C2300C5A880 /* Extensions.swift */ = {isa = PBXFileReference; lastKnownFileType = sourcecode.swift; path = Extensions.swift; sourceTree = "<group>"; };
/* End PBXFileReference section */

/* Begin PBXFrameworksBuildPhase section */
		62B2C81B26C76B0000690E9A /* Frameworks */ = {
			isa = PBXFrameworksBuildPhase;
			buildActionMask = 2147483647;
			files = (
			);
			runOnlyForDeploymentPostprocessing = 0;
		};
/* End PBXFrameworksBuildPhase section */

/* Begin PBXGroup section */
		62815A2326C9ED0F00D027C5 /* Fonts */ = {
			isa = PBXGroup;
			children = (
				62815A2426C9ED3E00D027C5 /* Simpsonfont.otf */,
			);
			path = Fonts;
			sourceTree = "<group>";
		};
		62B2C81526C76B0000690E9A = {
			isa = PBXGroup;
			children = (
				62B2C82026C76B0000690E9A /* SimpsonsQuotes */,
				62815A2326C9ED0F00D027C5 /* Fonts */,
				62B2C81F26C76B0000690E9A /* Products */,
			);
			sourceTree = "<group>";
		};
		62B2C81F26C76B0000690E9A /* Products */ = {
			isa = PBXGroup;
			children = (
				62B2C81E26C76B0000690E9A /* SimpsonsQuotes.app */,
			);
			name = Products;
			sourceTree = "<group>";
		};
		62B2C82026C76B0000690E9A /* SimpsonsQuotes */ = {
			isa = PBXGroup;
			children = (
				62D5776926CA3C1000C5A880 /* Utils */,
				62B2C83726C8578800690E9A /* Network */,
				62B2C83226C7841600690E9A /* Model */,
				62B2C83026C783CF00690E9A /* Screens */,
				62B2C82126C76B0000690E9A /* SimpsonsQuotesApp.swift */,
				62B2C82526C76B0200690E9A /* Assets.xcassets */,
				62B2C82A26C76B0200690E9A /* Info.plist */,
				62B2C82726C76B0200690E9A /* Preview Content */,
			);
			path = SimpsonsQuotes;
			sourceTree = "<group>";
		};
		62B2C82726C76B0200690E9A /* Preview Content */ = {
			isa = PBXGroup;
			children = (
				62B2C82826C76B0200690E9A /* Preview Assets.xcassets */,
			);
			path = "Preview Content";
			sourceTree = "<group>";
		};
		62B2C83026C783CF00690E9A /* Screens */ = {
			isa = PBXGroup;
			children = (
				62B2C83126C783F300690E9A /* Home */,
			);
			path = Screens;
			sourceTree = "<group>";
		};
		62B2C83126C783F300690E9A /* Home */ = {
			isa = PBXGroup;
			children = (
				62B2C82326C76B0000690E9A /* HomeView.swift */,
			);
			path = Home;
			sourceTree = "<group>";
		};
		62B2C83226C7841600690E9A /* Model */ = {
			isa = PBXGroup;
			children = (
				62B2C83326C7847200690E9A /* Quote.swift */,
			);
			path = Model;
			sourceTree = "<group>";
		};
		62B2C83726C8578800690E9A /* Network */ = {
			isa = PBXGroup;
			children = (
				62B2C83826C857A200690E9A /* DataService.swift */,
			);
			path = Network;
			sourceTree = "<group>";
		};
		62D5776926CA3C1000C5A880 /* Utils */ = {
			isa = PBXGroup;
			children = (
				62D5776A26CA3C2300C5A880 /* Extensions.swift */,
			);
			path = Utils;
			sourceTree = "<group>";
		};
/* End PBXGroup section */

/* Begin PBXNativeTarget section */
		62B2C81D26C76B0000690E9A /* SimpsonsQuotes */ = {
			isa = PBXNativeTarget;
			buildConfigurationList = 62B2C82D26C76B0200690E9A /* Build configuration list for PBXNativeTarget "SimpsonsQuotes" */;
			buildPhases = (
				62B2C81A26C76B0000690E9A /* Sources */,
				62B2C81B26C76B0000690E9A /* Frameworks */,
				62B2C81C26C76B0000690E9A /* Resources */,
			);
			buildRules = (
			);
			dependencies = (
			);
			name = SimpsonsQuotes;
			productName = SimpsonsQuotes;
			productReference = 62B2C81E26C76B0000690E9A /* SimpsonsQuotes.app */;
			productType = "com.apple.product-type.application";
		};
/* End PBXNativeTarget section */

/* Begin PBXProject section */
		62B2C81626C76B0000690E9A /* Project object */ = {
			isa = PBXProject;
			attributes = {
				LastSwiftUpdateCheck = 1250;
				LastUpgradeCheck = 1250;
				TargetAttributes = {
					62B2C81D26C76B0000690E9A = {
						CreatedOnToolsVersion = 12.5.1;
					};
				};
			};
			buildConfigurationList = 62B2C81926C76B0000690E9A /* Build configuration list for PBXProject "SimpsonsQuotes" */;
			compatibilityVersion = "Xcode 9.3";
			developmentRegion = en;
			hasScannedForEncodings = 0;
			knownRegions = (
				en,
				Base,
			);
			mainGroup = 62B2C81526C76B0000690E9A;
			productRefGroup = 62B2C81F26C76B0000690E9A /* Products */;
			projectDirPath = "";
			projectRoot = "";
			targets = (
				62B2C81D26C76B0000690E9A /* SimpsonsQuotes */,
			);
		};
/* End PBXProject section */

/* Begin PBXResourcesBuildPhase section */
		62B2C81C26C76B0000690E9A /* Resources */ = {
			isa = PBXResourcesBuildPhase;
			buildActionMask = 2147483647;
			files = (
				62B2C82926C76B0200690E9A /* Preview Assets.xcassets in Resources */,
				62815A2526C9ED3E00D027C5 /* Simpsonfont.otf in Resources */,
				62B2C82626C76B0200690E9A /* Assets.xcassets in Resources */,
			);
			runOnlyForDeploymentPostprocessing = 0;
		};
/* End PBXResourcesBuildPhase section */

/* Begin PBXSourcesBuildPhase section */
		62B2C81A26C76B0000690E9A /* Sources */ = {
			isa = PBXSourcesBuildPhase;
			buildActionMask = 2147483647;
			files = (
				62D5776B26CA3C2300C5A880 /* Extensions.swift in Sources */,
				62B2C82426C76B0000690E9A /* HomeView.swift in Sources */,
				62B2C83426C7847200690E9A /* Quote.swift in Sources */,
				62B2C82226C76B0000690E9A /* SimpsonsQuotesApp.swift in Sources */,
				62B2C83926C857A200690E9A /* DataService.swift in Sources */,
			);
			runOnlyForDeploymentPostprocessing = 0;
		};
/* End PBXSourcesBuildPhase section */

/* Begin XCBuildConfiguration section */
		62B2C82B26C76B0200690E9A /* Debug */ = {
			isa = XCBuildConfiguration;
			buildSettings = {
				ALWAYS_SEARCH_USER_PATHS = NO;
				CLANG_ANALYZER_NONNULL = YES;
				CLANG_ANALYZER_NUMBER_OBJECT_CONVERSION = YES_AGGRESSIVE;
				CLANG_CXX_LANGUAGE_STANDARD = "gnu++14";
				CLANG_CXX_LIBRARY = "libc++";
				CLANG_ENABLE_MODULES = YES;
				CLANG_ENABLE_OBJC_ARC = YES;
				CLANG_ENABLE_OBJC_WEAK = YES;
				CLANG_WARN_BLOCK_CAPTURE_AUTORELEASING = YES;
				CLANG_WARN_BOOL_CONVERSION = YES;
				CLANG_WARN_COMMA = YES;
				CLANG_WARN_CONSTANT_CONVERSION = YES;
				CLANG_WARN_DEPRECATED_OBJC_IMPLEMENTATIONS = YES;
				CLANG_WARN_DIRECT_OBJC_ISA_USAGE = YES_ERROR;
				CLANG_WARN_DOCUMENTATION_COMMENTS = YES;
				CLANG_WARN_EMPTY_BODY = YES;
				CLANG_WARN_ENUM_CONVERSION = YES;
				CLANG_WARN_INFINITE_RECURSION = YES;
				CLANG_WARN_INT_CONVERSION = YES;
				CLANG_WARN_NON_LITERAL_NULL_CONVERSION = YES;
				CLANG_WARN_OBJC_IMPLICIT_RETAIN_SELF = YES;
				CLANG_WARN_OBJC_LITERAL_CONVERSION = YES;
				CLANG_WARN_OBJC_ROOT_CLASS = YES_ERROR;
				CLANG_WARN_QUOTED_INCLUDE_IN_FRAMEWORK_HEADER = YES;
				CLANG_WARN_RANGE_LOOP_ANALYSIS = YES;
				CLANG_WARN_STRICT_PROTOTYPES = YES;
				CLANG_WARN_SUSPICIOUS_MOVE = YES;
				CLANG_WARN_UNGUARDED_AVAILABILITY = YES_AGGRESSIVE;
				CLANG_WARN_UNREACHABLE_CODE = YES;
				CLANG_WARN__DUPLICATE_METHOD_MATCH = YES;
				COPY_PHASE_STRIP = NO;
				DEBUG_INFORMATION_FORMAT = dwarf;
				ENABLE_STRICT_OBJC_MSGSEND = YES;
				ENABLE_TESTABILITY = YES;
				GCC_C_LANGUAGE_STANDARD = gnu11;
				GCC_DYNAMIC_NO_PIC = NO;
				GCC_NO_COMMON_BLOCKS = YES;
				GCC_OPTIMIZATION_LEVEL = 0;
				GCC_PREPROCESSOR_DEFINITIONS = (
					"DEBUG=1",
					"$(inherited)",
				);
				GCC_WARN_64_TO_32_BIT_CONVERSION = YES;
				GCC_WARN_ABOUT_RETURN_TYPE = YES_ERROR;
				GCC_WARN_UNDECLARED_SELECTOR = YES;
				GCC_WARN_UNINITIALIZED_AUTOS = YES_AGGRESSIVE;
				GCC_WARN_UNUSED_FUNCTION = YES;
				GCC_WARN_UNUSED_VARIABLE = YES;
				IPHONEOS_DEPLOYMENT_TARGET = 14.5;
				MTL_ENABLE_DEBUG_INFO = INCLUDE_SOURCE;
				MTL_FAST_MATH = YES;
				ONLY_ACTIVE_ARCH = YES;
				SDKROOT = iphoneos;
				SWIFT_ACTIVE_COMPILATION_CONDITIONS = DEBUG;
				SWIFT_OPTIMIZATION_LEVEL = "-Onone";
			};
			name = Debug;
		};
		62B2C82C26C76B0200690E9A /* Release */ = {
			isa = XCBuildConfiguration;
			buildSettings = {
				ALWAYS_SEARCH_USER_PATHS = NO;
				CLANG_ANALYZER_NONNULL = YES;
				CLANG_ANALYZER_NUMBER_OBJECT_CONVERSION = YES_AGGRESSIVE;
				CLANG_CXX_LANGUAGE_STANDARD = "gnu++14";
				CLANG_CXX_LIBRARY = "libc++";
				CLANG_ENABLE_MODULES = YES;
				CLANG_ENABLE_OBJC_ARC = YES;
				CLANG_ENABLE_OBJC_WEAK = YES;
				CLANG_WARN_BLOCK_CAPTURE_AUTORELEASING = YES;
				CLANG_WARN_BOOL_CONVERSION = YES;
				CLANG_WARN_COMMA = YES;
				CLANG_WARN_CONSTANT_CONVERSION = YES;
				CLANG_WARN_DEPRECATED_OBJC_IMPLEMENTATIONS = YES;
				CLANG_WARN_DIRECT_OBJC_ISA_USAGE = YES_ERROR;
				CLANG_WARN_DOCUMENTATION_COMMENTS = YES;
				CLANG_WARN_EMPTY_BODY = YES;
				CLANG_WARN_ENUM_CONVERSION = YES;
				CLANG_WARN_INFINITE_RECURSION = YES;
				CLANG_WARN_INT_CONVERSION = YES;
				CLANG_WARN_NON_LITERAL_NULL_CONVERSION = YES;
				CLANG_WARN_OBJC_IMPLICIT_RETAIN_SELF = YES;
				CLANG_WARN_OBJC_LITERAL_CONVERSION = YES;
				CLANG_WARN_OBJC_ROOT_CLASS = YES_ERROR;
				CLANG_WARN_QUOTED_INCLUDE_IN_FRAMEWORK_HEADER = YES;
				CLANG_WARN_RANGE_LOOP_ANALYSIS = YES;
				CLANG_WARN_STRICT_PROTOTYPES = YES;
				CLANG_WARN_SUSPICIOUS_MOVE = YES;
				CLANG_WARN_UNGUARDED_AVAILABILITY = YES_AGGRESSIVE;
				CLANG_WARN_UNREACHABLE_CODE = YES;
				CLANG_WARN__DUPLICATE_METHOD_MATCH = YES;
				COPY_PHASE_STRIP = NO;
				DEBUG_INFORMATION_FORMAT = "dwarf-with-dsym";
				ENABLE_NS_ASSERTIONS = NO;
				ENABLE_STRICT_OBJC_MSGSEND = YES;
				GCC_C_LANGUAGE_STANDARD = gnu11;
				GCC_NO_COMMON_BLOCKS = YES;
				GCC_WARN_64_TO_32_BIT_CONVERSION = YES;
				GCC_WARN_ABOUT_RETURN_TYPE = YES_ERROR;
				GCC_WARN_UNDECLARED_SELECTOR = YES;
				GCC_WARN_UNINITIALIZED_AUTOS = YES_AGGRESSIVE;
				GCC_WARN_UNUSED_FUNCTION = YES;
				GCC_WARN_UNUSED_VARIABLE = YES;
				IPHONEOS_DEPLOYMENT_TARGET = 14.5;
				MTL_ENABLE_DEBUG_INFO = NO;
				MTL_FAST_MATH = YES;
				SDKROOT = iphoneos;
				SWIFT_COMPILATION_MODE = wholemodule;
				SWIFT_OPTIMIZATION_LEVEL = "-O";
				VALIDATE_PRODUCT = YES;
			};
			name = Release;
		};
		62B2C82E26C76B0200690E9A /* Debug */ = {
			isa = XCBuildConfiguration;
			buildSettings = {
				ASSETCATALOG_COMPILER_APPICON_NAME = AppIcon;
				ASSETCATALOG_COMPILER_GLOBAL_ACCENT_COLOR_NAME = AccentColor;
				CODE_SIGN_STYLE = Automatic;
				DEVELOPMENT_ASSET_PATHS = "\"SimpsonsQuotes/Preview Content\"";
				DEVELOPMENT_TEAM = NXX3PX4442;
				ENABLE_PREVIEWS = YES;
				INFOPLIST_FILE = SimpsonsQuotes/Info.plist;
				IPHONEOS_DEPLOYMENT_TARGET = 14.0;
				LD_RUNPATH_SEARCH_PATHS = (
					"$(inherited)",
					"@executable_path/Frameworks",
				);
				PRODUCT_BUNDLE_IDENTIFIER = "com.phinespec-gmail.SimpsonsQuotes";
				PRODUCT_NAME = "$(TARGET_NAME)";
				SWIFT_VERSION = 5.0;
				TARGETED_DEVICE_FAMILY = "1,2";
			};
			name = Debug;
		};
		62B2C82F26C76B0200690E9A /* Release */ = {
			isa = XCBuildConfiguration;
			buildSettings = {
				ASSETCATALOG_COMPILER_APPICON_NAME = AppIcon;
				ASSETCATALOG_COMPILER_GLOBAL_ACCENT_COLOR_NAME = AccentColor;
				CODE_SIGN_STYLE = Automatic;
				DEVELOPMENT_ASSET_PATHS = "\"SimpsonsQuotes/Preview Content\"";
				DEVELOPMENT_TEAM = NXX3PX4442;
				ENABLE_PREVIEWS = YES;
				INFOPLIST_FILE = SimpsonsQuotes/Info.plist;
				IPHONEOS_DEPLOYMENT_TARGET = 14.0;
				LD_RUNPATH_SEARCH_PATHS = (
					"$(inherited)",
					"@executable_path/Frameworks",
				);
				PRODUCT_BUNDLE_IDENTIFIER = "com.phinespec-gmail.SimpsonsQuotes";
				PRODUCT_NAME = "$(TARGET_NAME)";
				SWIFT_VERSION = 5.0;
				TARGETED_DEVICE_FAMILY = "1,2";
			};
			name = Release;
		};
/* End XCBuildConfiguration section */

/* Begin XCConfigurationList section */
		62B2C81926C76B0000690E9A /* Build configuration list for PBXProject "SimpsonsQuotes" */ = {
			isa = XCConfigurationList;
			buildConfigurations = (
				62B2C82B26C76B0200690E9A /* Debug */,
				62B2C82C26C76B0200690E9A /* Release */,
			);
			defaultConfigurationIsVisible = 0;
			defaultConfigurationName = Release;
		};
		62B2C82D26C76B0200690E9A /* Build configuration list for PBXNativeTarget "SimpsonsQuotes" */ = {
			isa = XCConfigurationList;
			buildConfigurations = (
				62B2C82E26C76B0200690E9A /* Debug */,
				62B2C82F26C76B0200690E9A /* Release */,
			);
			defaultConfigurationIsVisible = 0;
			defaultConfigurationName = Release;
		};
/* End XCConfigurationList section */
	};
	rootObject = 62B2C81626C76B0000690E9A /* Project object */;
}
